// !$*UTF8*$!
{
	archiveVersion = 1;
	classes = {
	};
	objectVersion = 52;
	objects = {

/* Begin PBXBuildFile section */
		55116E8C273A112E00ED01E1 /* PlanrApplicationSettings.swift in Sources */ = {isa = PBXBuildFile; fileRef = 55116E8B273A112E00ED01E1 /* PlanrApplicationSettings.swift */; };
		55116E8E273A12A000ED01E1 /* AppState.swift in Sources */ = {isa = PBXBuildFile; fileRef = 55116E8D273A12A000ED01E1 /* AppState.swift */; };
		55116E93273A1B4A00ED01E1 /* PlanrSettingsView.swift in Sources */ = {isa = PBXBuildFile; fileRef = 55116E92273A1B4A00ED01E1 /* PlanrSettingsView.swift */; };
		55116E97273A1CD600ED01E1 /* AppSettingsGroupView.swift in Sources */ = {isa = PBXBuildFile; fileRef = 55116E96273A1CD600ED01E1 /* AppSettingsGroupView.swift */; };
		55116E99273A284A00ED01E1 /* AppSettingsGroupVM.swift in Sources */ = {isa = PBXBuildFile; fileRef = 55116E98273A284A00ED01E1 /* AppSettingsGroupVM.swift */; };
		551B6CCE27304F68007B21F4 /* WorkBlock.swift in Sources */ = {isa = PBXBuildFile; fileRef = 551B6CCD27304F68007B21F4 /* WorkBlock.swift */; };
		551B6CCF27304F68007B21F4 /* WorkBlock.swift in Sources */ = {isa = PBXBuildFile; fileRef = 551B6CCD27304F68007B21F4 /* WorkBlock.swift */; };
		556F30732728EE9F00CBF42E /* Feature.swift in Sources */ = {isa = PBXBuildFile; fileRef = 556F30722728EE9F00CBF42E /* Feature.swift */; };
		556F30742728EE9F00CBF42E /* Feature.swift in Sources */ = {isa = PBXBuildFile; fileRef = 556F30722728EE9F00CBF42E /* Feature.swift */; };
		556F30772729AACE00CBF42E /* PlanningCoordinator.swift in Sources */ = {isa = PBXBuildFile; fileRef = 556F30762729AACE00CBF42E /* PlanningCoordinator.swift */; };
		556F30782729AACE00CBF42E /* PlanningCoordinator.swift in Sources */ = {isa = PBXBuildFile; fileRef = 556F30762729AACE00CBF42E /* PlanningCoordinator.swift */; };
		556F307A2729ABCA00CBF42E /* Roadmap.swift in Sources */ = {isa = PBXBuildFile; fileRef = 556F30792729ABCA00CBF42E /* Roadmap.swift */; };
		556F307B2729ABCA00CBF42E /* Roadmap.swift in Sources */ = {isa = PBXBuildFile; fileRef = 556F30792729ABCA00CBF42E /* Roadmap.swift */; };
		556F307D2729ABE000CBF42E /* Sprint.swift in Sources */ = {isa = PBXBuildFile; fileRef = 556F307C2729ABE000CBF42E /* Sprint.swift */; };
		556F307E2729ABE000CBF42E /* Sprint.swift in Sources */ = {isa = PBXBuildFile; fileRef = 556F307C2729ABE000CBF42E /* Sprint.swift */; };
		55914E002734AD5B001B1E9A /* ViewExtensions.swift in Sources */ = {isa = PBXBuildFile; fileRef = 55914DFF2734AD5B001B1E9A /* ViewExtensions.swift */; };
		55914E012734AD5B001B1E9A /* ViewExtensions.swift in Sources */ = {isa = PBXBuildFile; fileRef = 55914DFF2734AD5B001B1E9A /* ViewExtensions.swift */; };
		55914E042734B829001B1E9A /* Util.swift in Sources */ = {isa = PBXBuildFile; fileRef = 55914E032734B829001B1E9A /* Util.swift */; };
		55914E052734B829001B1E9A /* Util.swift in Sources */ = {isa = PBXBuildFile; fileRef = 55914E032734B829001B1E9A /* Util.swift */; };
		55914E0827356B9A001B1E9A /* NewProjectView.swift in Sources */ = {isa = PBXBuildFile; fileRef = 55914E0727356B9A001B1E9A /* NewProjectView.swift */; };
		55914E0927356B9A001B1E9A /* NewProjectView.swift in Sources */ = {isa = PBXBuildFile; fileRef = 55914E0727356B9A001B1E9A /* NewProjectView.swift */; };
		55914E0C27361B29001B1E9A /* ReusableButton.swift in Sources */ = {isa = PBXBuildFile; fileRef = 55914E0B27361B29001B1E9A /* ReusableButton.swift */; };
		55914E0D27361B29001B1E9A /* ReusableButton.swift in Sources */ = {isa = PBXBuildFile; fileRef = 55914E0B27361B29001B1E9A /* ReusableButton.swift */; };
		55914E102736E4CF001B1E9A /* Steps in Frameworks */ = {isa = PBXBuildFile; productRef = 55914E0F2736E4CF001B1E9A /* Steps */; };
		559238732736F6C500630726 /* ProjectValidationTests.swift in Sources */ = {isa = PBXBuildFile; fileRef = 559238722736F6C500630726 /* ProjectValidationTests.swift */; };
		5598B40F26D6895600FF7A50 /* Engineer.swift in Sources */ = {isa = PBXBuildFile; fileRef = 5598B40E26D6895600FF7A50 /* Engineer.swift */; };
		5598B41026D6895600FF7A50 /* Engineer.swift in Sources */ = {isa = PBXBuildFile; fileRef = 5598B40E26D6895600FF7A50 /* Engineer.swift */; };
		5598B41226D6898000FF7A50 /* Project.swift in Sources */ = {isa = PBXBuildFile; fileRef = 5598B41126D6898000FF7A50 /* Project.swift */; };
		5598B41326D6898000FF7A50 /* Project.swift in Sources */ = {isa = PBXBuildFile; fileRef = 5598B41126D6898000FF7A50 /* Project.swift */; };
		5598B41626D6944600FF7A50 /* Constants.swift in Sources */ = {isa = PBXBuildFile; fileRef = 5598B41526D6944600FF7A50 /* Constants.swift */; };
		5598B41726D6944600FF7A50 /* Constants.swift in Sources */ = {isa = PBXBuildFile; fileRef = 5598B41526D6944600FF7A50 /* Constants.swift */; };
		5598B41A26D6A42800FF7A50 /* PromisesTestHelpers in Frameworks */ = {isa = PBXBuildFile; productRef = 5598B41926D6A42800FF7A50 /* PromisesTestHelpers */; };
		5598B41C26D6A42800FF7A50 /* Promises in Frameworks */ = {isa = PBXBuildFile; productRef = 5598B41B26D6A42800FF7A50 /* Promises */; };
		5598B41E26D6A42800FF7A50 /* FBLPromises in Frameworks */ = {isa = PBXBuildFile; productRef = 5598B41D26D6A42800FF7A50 /* FBLPromises */; };
		5598B42026D6A42800FF7A50 /* FBLPromisesTestHelpers in Frameworks */ = {isa = PBXBuildFile; productRef = 5598B41F26D6A42800FF7A50 /* FBLPromisesTestHelpers */; };
		5598B42326D6A5B300FF7A50 /* RealmSwift in Frameworks */ = {isa = PBXBuildFile; productRef = 5598B42226D6A5B300FF7A50 /* RealmSwift */; };
		5598B42526D6A5B300FF7A50 /* Realm in Frameworks */ = {isa = PBXBuildFile; productRef = 5598B42426D6A5B300FF7A50 /* Realm */; };
		5598B42C26D6AB0600FF7A50 /* SwiftLintFramework in Frameworks */ = {isa = PBXBuildFile; productRef = 5598B42B26D6AB0600FF7A50 /* SwiftLintFramework */; };
		559C745327374A8200F55C36 /* NavigationStack in Frameworks */ = {isa = PBXBuildFile; productRef = 559C745227374A8200F55C36 /* NavigationStack */; };
		559C745527374DB300F55C36 /* RootView.swift in Sources */ = {isa = PBXBuildFile; fileRef = 559C745427374DB300F55C36 /* RootView.swift */; };
		559C745727382DAA00F55C36 /* ColorExtensions.swift in Sources */ = {isa = PBXBuildFile; fileRef = 559C745627382DAA00F55C36 /* ColorExtensions.swift */; };
		559C745B27384CE400F55C36 /* WorkBlockView.swift in Sources */ = {isa = PBXBuildFile; fileRef = 559C745A27384CE400F55C36 /* WorkBlockView.swift */; };
		559C745D2738528E00F55C36 /* PlannedSprintView.swift in Sources */ = {isa = PBXBuildFile; fileRef = 559C745C2738528E00F55C36 /* PlannedSprintView.swift */; };
		559C745F2738673A00F55C36 /* PlatformSprintBlockView.swift in Sources */ = {isa = PBXBuildFile; fileRef = 559C745E2738673A00F55C36 /* PlatformSprintBlockView.swift */; };
		559C74612738711200F55C36 /* ProjectRoadmapView.swift in Sources */ = {isa = PBXBuildFile; fileRef = 559C74602738711200F55C36 /* ProjectRoadmapView.swift */; };
		559C746227387A3400F55C36 /* ColorExtensions.swift in Sources */ = {isa = PBXBuildFile; fileRef = 559C745627382DAA00F55C36 /* ColorExtensions.swift */; };
		559C746327387A3A00F55C36 /* WorkBlockView.swift in Sources */ = {isa = PBXBuildFile; fileRef = 559C745A27384CE400F55C36 /* WorkBlockView.swift */; };
		559C746427387A3C00F55C36 /* PlannedSprintView.swift in Sources */ = {isa = PBXBuildFile; fileRef = 559C745C2738528E00F55C36 /* PlannedSprintView.swift */; };
		559C746527387A3F00F55C36 /* PlatformSprintBlockView.swift in Sources */ = {isa = PBXBuildFile; fileRef = 559C745E2738673A00F55C36 /* PlatformSprintBlockView.swift */; };
		559C746627387A4200F55C36 /* ProjectRoadmapView.swift in Sources */ = {isa = PBXBuildFile; fileRef = 559C74602738711200F55C36 /* ProjectRoadmapView.swift */; };
		559C746727387A4400F55C36 /* WelcomeView.swift in Sources */ = {isa = PBXBuildFile; fileRef = 55ED4FC926D6852E004A21AD /* WelcomeView.swift */; };
		559C746827387A4900F55C36 /* RootView.swift in Sources */ = {isa = PBXBuildFile; fileRef = 559C745427374DB300F55C36 /* RootView.swift */; };
		55AB6C35272C5E23008AD85B /* Platform.swift in Sources */ = {isa = PBXBuildFile; fileRef = 55AB6C34272C5E23008AD85B /* Platform.swift */; };
		55AB6C36272C5E23008AD85B /* Platform.swift in Sources */ = {isa = PBXBuildFile; fileRef = 55AB6C34272C5E23008AD85B /* Platform.swift */; };
		55AB6C39272C9F22008AD85B /* PlanningCoordinatorTests.swift in Sources */ = {isa = PBXBuildFile; fileRef = 55AB6C37272C9F22008AD85B /* PlanningCoordinatorTests.swift */; };
		55ED4FC826D6852E004A21AD /* PlanrApp.swift in Sources */ = {isa = PBXBuildFile; fileRef = 55ED4FC726D6852E004A21AD /* PlanrApp.swift */; };
		55ED4FCA26D6852E004A21AD /* WelcomeView.swift in Sources */ = {isa = PBXBuildFile; fileRef = 55ED4FC926D6852E004A21AD /* WelcomeView.swift */; };
		55ED4FCC26D6852F004A21AD /* Assets.xcassets in Resources */ = {isa = PBXBuildFile; fileRef = 55ED4FCB26D6852F004A21AD /* Assets.xcassets */; };
		55ED4FCF26D6852F004A21AD /* Preview Assets.xcassets in Resources */ = {isa = PBXBuildFile; fileRef = 55ED4FCE26D6852F004A21AD /* Preview Assets.xcassets */; };
		55ED4FDB26D68530004A21AD /* EngineerVlidationTests.swift in Sources */ = {isa = PBXBuildFile; fileRef = 55ED4FDA26D68530004A21AD /* EngineerVlidationTests.swift */; };
		55ED4FE626D68530004A21AD /* PlanrUITests.swift in Sources */ = {isa = PBXBuildFile; fileRef = 55ED4FE526D68530004A21AD /* PlanrUITests.swift */; };
/* End PBXBuildFile section */

/* Begin PBXContainerItemProxy section */
		55ED4FD726D68530004A21AD /* PBXContainerItemProxy */ = {
			isa = PBXContainerItemProxy;
			containerPortal = 55ED4FBC26D6852E004A21AD /* Project object */;
			proxyType = 1;
			remoteGlobalIDString = 55ED4FC326D6852E004A21AD;
			remoteInfo = Planr;
		};
		55ED4FE226D68530004A21AD /* PBXContainerItemProxy */ = {
			isa = PBXContainerItemProxy;
			containerPortal = 55ED4FBC26D6852E004A21AD /* Project object */;
			proxyType = 1;
			remoteGlobalIDString = 55ED4FC326D6852E004A21AD;
			remoteInfo = Planr;
		};
/* End PBXContainerItemProxy section */

/* Begin PBXFileReference section */
		55116E8B273A112E00ED01E1 /* PlanrApplicationSettings.swift */ = {isa = PBXFileReference; lastKnownFileType = sourcecode.swift; path = PlanrApplicationSettings.swift; sourceTree = "<group>"; };
		55116E8D273A12A000ED01E1 /* AppState.swift */ = {isa = PBXFileReference; lastKnownFileType = sourcecode.swift; path = AppState.swift; sourceTree = "<group>"; };
		55116E92273A1B4A00ED01E1 /* PlanrSettingsView.swift */ = {isa = PBXFileReference; lastKnownFileType = sourcecode.swift; path = PlanrSettingsView.swift; sourceTree = "<group>"; };
		55116E96273A1CD600ED01E1 /* AppSettingsGroupView.swift */ = {isa = PBXFileReference; lastKnownFileType = sourcecode.swift; path = AppSettingsGroupView.swift; sourceTree = "<group>"; };
		55116E98273A284A00ED01E1 /* AppSettingsGroupVM.swift */ = {isa = PBXFileReference; lastKnownFileType = sourcecode.swift; path = AppSettingsGroupVM.swift; sourceTree = "<group>"; };
		551B6CCD27304F68007B21F4 /* WorkBlock.swift */ = {isa = PBXFileReference; lastKnownFileType = sourcecode.swift; path = WorkBlock.swift; sourceTree = "<group>"; };
		556F30722728EE9F00CBF42E /* Feature.swift */ = {isa = PBXFileReference; lastKnownFileType = sourcecode.swift; path = Feature.swift; sourceTree = "<group>"; };
		556F30762729AACE00CBF42E /* PlanningCoordinator.swift */ = {isa = PBXFileReference; lastKnownFileType = sourcecode.swift; path = PlanningCoordinator.swift; sourceTree = "<group>"; };
		556F30792729ABCA00CBF42E /* Roadmap.swift */ = {isa = PBXFileReference; lastKnownFileType = sourcecode.swift; path = Roadmap.swift; sourceTree = "<group>"; };
		556F307C2729ABE000CBF42E /* Sprint.swift */ = {isa = PBXFileReference; lastKnownFileType = sourcecode.swift; path = Sprint.swift; sourceTree = "<group>"; };
		55914DFF2734AD5B001B1E9A /* ViewExtensions.swift */ = {isa = PBXFileReference; lastKnownFileType = sourcecode.swift; path = ViewExtensions.swift; sourceTree = "<group>"; };
		55914E032734B829001B1E9A /* Util.swift */ = {isa = PBXFileReference; lastKnownFileType = sourcecode.swift; path = Util.swift; sourceTree = "<group>"; };
		55914E0727356B9A001B1E9A /* NewProjectView.swift */ = {isa = PBXFileReference; lastKnownFileType = sourcecode.swift; path = NewProjectView.swift; sourceTree = "<group>"; };
		55914E0B27361B29001B1E9A /* ReusableButton.swift */ = {isa = PBXFileReference; lastKnownFileType = sourcecode.swift; path = ReusableButton.swift; sourceTree = "<group>"; };
		559238722736F6C500630726 /* ProjectValidationTests.swift */ = {isa = PBXFileReference; fileEncoding = 4; lastKnownFileType = sourcecode.swift; path = ProjectValidationTests.swift; sourceTree = "<group>"; };
		5598B40E26D6895600FF7A50 /* Engineer.swift */ = {isa = PBXFileReference; lastKnownFileType = sourcecode.swift; path = Engineer.swift; sourceTree = "<group>"; };
		5598B41126D6898000FF7A50 /* Project.swift */ = {isa = PBXFileReference; lastKnownFileType = sourcecode.swift; path = Project.swift; sourceTree = "<group>"; };
		5598B41526D6944600FF7A50 /* Constants.swift */ = {isa = PBXFileReference; lastKnownFileType = sourcecode.swift; path = Constants.swift; sourceTree = "<group>"; };
		559C745427374DB300F55C36 /* RootView.swift */ = {isa = PBXFileReference; lastKnownFileType = sourcecode.swift; path = RootView.swift; sourceTree = "<group>"; };
		559C745627382DAA00F55C36 /* ColorExtensions.swift */ = {isa = PBXFileReference; lastKnownFileType = sourcecode.swift; path = ColorExtensions.swift; sourceTree = "<group>"; };
		559C745A27384CE400F55C36 /* WorkBlockView.swift */ = {isa = PBXFileReference; lastKnownFileType = sourcecode.swift; path = WorkBlockView.swift; sourceTree = "<group>"; };
		559C745C2738528E00F55C36 /* PlannedSprintView.swift */ = {isa = PBXFileReference; lastKnownFileType = sourcecode.swift; path = PlannedSprintView.swift; sourceTree = "<group>"; };
		559C745E2738673A00F55C36 /* PlatformSprintBlockView.swift */ = {isa = PBXFileReference; lastKnownFileType = sourcecode.swift; path = PlatformSprintBlockView.swift; sourceTree = "<group>"; };
		559C74602738711200F55C36 /* ProjectRoadmapView.swift */ = {isa = PBXFileReference; lastKnownFileType = sourcecode.swift; path = ProjectRoadmapView.swift; sourceTree = "<group>"; };
		55AB6C34272C5E23008AD85B /* Platform.swift */ = {isa = PBXFileReference; lastKnownFileType = sourcecode.swift; path = Platform.swift; sourceTree = "<group>"; };
		55AB6C37272C9F22008AD85B /* PlanningCoordinatorTests.swift */ = {isa = PBXFileReference; lastKnownFileType = sourcecode.swift; path = PlanningCoordinatorTests.swift; sourceTree = "<group>"; };
		55ED4FC426D6852E004A21AD /* Planr.app */ = {isa = PBXFileReference; explicitFileType = wrapper.application; includeInIndex = 0; path = Planr.app; sourceTree = BUILT_PRODUCTS_DIR; };
		55ED4FC726D6852E004A21AD /* PlanrApp.swift */ = {isa = PBXFileReference; lastKnownFileType = sourcecode.swift; path = PlanrApp.swift; sourceTree = "<group>"; };
		55ED4FC926D6852E004A21AD /* WelcomeView.swift */ = {isa = PBXFileReference; lastKnownFileType = sourcecode.swift; path = WelcomeView.swift; sourceTree = "<group>"; };
		55ED4FCB26D6852F004A21AD /* Assets.xcassets */ = {isa = PBXFileReference; lastKnownFileType = folder.assetcatalog; path = Assets.xcassets; sourceTree = "<group>"; };
		55ED4FCE26D6852F004A21AD /* Preview Assets.xcassets */ = {isa = PBXFileReference; lastKnownFileType = folder.assetcatalog; path = "Preview Assets.xcassets"; sourceTree = "<group>"; };
		55ED4FD026D6852F004A21AD /* Info.plist */ = {isa = PBXFileReference; lastKnownFileType = text.plist.xml; path = Info.plist; sourceTree = "<group>"; };
		55ED4FD126D6852F004A21AD /* Planr.entitlements */ = {isa = PBXFileReference; lastKnownFileType = text.plist.entitlements; path = Planr.entitlements; sourceTree = "<group>"; };
		55ED4FD626D68530004A21AD /* PlanrTests.xctest */ = {isa = PBXFileReference; explicitFileType = wrapper.cfbundle; includeInIndex = 0; path = PlanrTests.xctest; sourceTree = BUILT_PRODUCTS_DIR; };
		55ED4FDA26D68530004A21AD /* EngineerVlidationTests.swift */ = {isa = PBXFileReference; lastKnownFileType = sourcecode.swift; path = EngineerVlidationTests.swift; sourceTree = "<group>"; };
		55ED4FDC26D68530004A21AD /* Info.plist */ = {isa = PBXFileReference; lastKnownFileType = text.plist.xml; path = Info.plist; sourceTree = "<group>"; };
		55ED4FE126D68530004A21AD /* PlanrUITests.xctest */ = {isa = PBXFileReference; explicitFileType = wrapper.cfbundle; includeInIndex = 0; path = PlanrUITests.xctest; sourceTree = BUILT_PRODUCTS_DIR; };
		55ED4FE526D68530004A21AD /* PlanrUITests.swift */ = {isa = PBXFileReference; lastKnownFileType = sourcecode.swift; path = PlanrUITests.swift; sourceTree = "<group>"; };
		55ED4FE726D68530004A21AD /* Info.plist */ = {isa = PBXFileReference; lastKnownFileType = text.plist.xml; path = Info.plist; sourceTree = "<group>"; };
/* End PBXFileReference section */

/* Begin PBXFrameworksBuildPhase section */
		55ED4FC126D6852E004A21AD /* Frameworks */ = {
			isa = PBXFrameworksBuildPhase;
			buildActionMask = 2147483647;
			files = (
				5598B42526D6A5B300FF7A50 /* Realm in Frameworks */,
				559C745327374A8200F55C36 /* NavigationStack in Frameworks */,
				5598B42C26D6AB0600FF7A50 /* SwiftLintFramework in Frameworks */,
				5598B41E26D6A42800FF7A50 /* FBLPromises in Frameworks */,
				5598B41C26D6A42800FF7A50 /* Promises in Frameworks */,
				55914E102736E4CF001B1E9A /* Steps in Frameworks */,
				5598B41A26D6A42800FF7A50 /* PromisesTestHelpers in Frameworks */,
				5598B42326D6A5B300FF7A50 /* RealmSwift in Frameworks */,
				5598B42026D6A42800FF7A50 /* FBLPromisesTestHelpers in Frameworks */,
			);
			runOnlyForDeploymentPostprocessing = 0;
		};
		55ED4FD326D68530004A21AD /* Frameworks */ = {
			isa = PBXFrameworksBuildPhase;
			buildActionMask = 2147483647;
			files = (
			);
			runOnlyForDeploymentPostprocessing = 0;
		};
		55ED4FDE26D68530004A21AD /* Frameworks */ = {
			isa = PBXFrameworksBuildPhase;
			buildActionMask = 2147483647;
			files = (
			);
			runOnlyForDeploymentPostprocessing = 0;
		};
/* End PBXFrameworksBuildPhase section */

/* Begin PBXGroup section */
		556F30752729AA9200CBF42E /* Classes */ = {
			isa = PBXGroup;
			children = (
				556F30762729AACE00CBF42E /* PlanningCoordinator.swift */,
			);
			path = Classes;
			sourceTree = "<group>";
		};
		55914DFE2734AD46001B1E9A /* Extensions */ = {
			isa = PBXGroup;
			children = (
				55914DFF2734AD5B001B1E9A /* ViewExtensions.swift */,
				559C745627382DAA00F55C36 /* ColorExtensions.swift */,
			);
			path = Extensions;
			sourceTree = "<group>";
		};
		55914E022734B816001B1E9A /* Util */ = {
			isa = PBXGroup;
			children = (
				55914E032734B829001B1E9A /* Util.swift */,
			);
			path = Util;
			sourceTree = "<group>";
		};
		55914E0627356B6A001B1E9A /* Views */ = {
			isa = PBXGroup;
			children = (
				55914E0A27361B09001B1E9A /* Reusable */,
				55ED4FC926D6852E004A21AD /* WelcomeView.swift */,
				55914E0727356B9A001B1E9A /* NewProjectView.swift */,
				559C745427374DB300F55C36 /* RootView.swift */,
				55116E92273A1B4A00ED01E1 /* PlanrSettingsView.swift */,
			);
			path = Views;
			sourceTree = "<group>";
		};
		55914E0A27361B09001B1E9A /* Reusable */ = {
			isa = PBXGroup;
			children = (
				55914E0B27361B29001B1E9A /* ReusableButton.swift */,
				559C745A27384CE400F55C36 /* WorkBlockView.swift */,
				559C745C2738528E00F55C36 /* PlannedSprintView.swift */,
				559C745E2738673A00F55C36 /* PlatformSprintBlockView.swift */,
				559C74602738711200F55C36 /* ProjectRoadmapView.swift */,
				55116E96273A1CD600ED01E1 /* AppSettingsGroupView.swift */,
				55116E98273A284A00ED01E1 /* AppSettingsGroupVM.swift */,
			);
			path = Reusable;
			sourceTree = "<group>";
		};
		5598B40D26D6890B00FF7A50 /* Data Models */ = {
			isa = PBXGroup;
			children = (
				5598B40E26D6895600FF7A50 /* Engineer.swift */,
				556F30722728EE9F00CBF42E /* Feature.swift */,
				55AB6C34272C5E23008AD85B /* Platform.swift */,
				5598B41126D6898000FF7A50 /* Project.swift */,
				556F30792729ABCA00CBF42E /* Roadmap.swift */,
				556F307C2729ABE000CBF42E /* Sprint.swift */,
				551B6CCD27304F68007B21F4 /* WorkBlock.swift */,
				55116E8B273A112E00ED01E1 /* PlanrApplicationSettings.swift */,
				55116E8D273A12A000ED01E1 /* AppState.swift */,
			);
			path = "Data Models";
			sourceTree = "<group>";
		};
		5598B41426D6943800FF7A50 /* Constants */ = {
			isa = PBXGroup;
			children = (
				5598B41526D6944600FF7A50 /* Constants.swift */,
			);
			path = Constants;
			sourceTree = "<group>";
		};
		55ED4FBB26D6852E004A21AD = {
			isa = PBXGroup;
			children = (
				55ED4FC626D6852E004A21AD /* Planr */,
				55ED4FD926D68530004A21AD /* PlanrTests */,
				55ED4FE426D68530004A21AD /* PlanrUITests */,
				55ED4FC526D6852E004A21AD /* Products */,
			);
			sourceTree = "<group>";
		};
		55ED4FC526D6852E004A21AD /* Products */ = {
			isa = PBXGroup;
			children = (
				55ED4FC426D6852E004A21AD /* Planr.app */,
				55ED4FD626D68530004A21AD /* PlanrTests.xctest */,
				55ED4FE126D68530004A21AD /* PlanrUITests.xctest */,
			);
			name = Products;
			sourceTree = "<group>";
		};
		55ED4FC626D6852E004A21AD /* Planr */ = {
			isa = PBXGroup;
			children = (
				55914E0627356B6A001B1E9A /* Views */,
				55914E022734B816001B1E9A /* Util */,
				55914DFE2734AD46001B1E9A /* Extensions */,
				556F30752729AA9200CBF42E /* Classes */,
				5598B41426D6943800FF7A50 /* Constants */,
				5598B40D26D6890B00FF7A50 /* Data Models */,
				55ED4FC726D6852E004A21AD /* PlanrApp.swift */,
				55ED4FCB26D6852F004A21AD /* Assets.xcassets */,
				55ED4FD026D6852F004A21AD /* Info.plist */,
				55ED4FD126D6852F004A21AD /* Planr.entitlements */,
				55ED4FCD26D6852F004A21AD /* Preview Content */,
			);
			path = Planr;
			sourceTree = "<group>";
		};
		55ED4FCD26D6852F004A21AD /* Preview Content */ = {
			isa = PBXGroup;
			children = (
				55ED4FCE26D6852F004A21AD /* Preview Assets.xcassets */,
			);
			path = "Preview Content";
			sourceTree = "<group>";
		};
		55ED4FD926D68530004A21AD /* PlanrTests */ = {
			isa = PBXGroup;
			children = (
				559238722736F6C500630726 /* ProjectValidationTests.swift */,
				55ED4FDA26D68530004A21AD /* EngineerVlidationTests.swift */,
				55ED4FDC26D68530004A21AD /* Info.plist */,
				55AB6C37272C9F22008AD85B /* PlanningCoordinatorTests.swift */,
			);
			path = PlanrTests;
			sourceTree = "<group>";
		};
		55ED4FE426D68530004A21AD /* PlanrUITests */ = {
			isa = PBXGroup;
			children = (
				55ED4FE526D68530004A21AD /* PlanrUITests.swift */,
				55ED4FE726D68530004A21AD /* Info.plist */,
			);
			path = PlanrUITests;
			sourceTree = "<group>";
		};
/* End PBXGroup section */

/* Begin PBXNativeTarget section */
		55ED4FC326D6852E004A21AD /* Planr */ = {
			isa = PBXNativeTarget;
			buildConfigurationList = 55ED4FEA26D68530004A21AD /* Build configuration list for PBXNativeTarget "Planr" */;
			buildPhases = (
				5598B43026D6B1D300FF7A50 /* ShellScript */,
				55ED4FC026D6852E004A21AD /* Sources */,
				55ED4FC126D6852E004A21AD /* Frameworks */,
				55ED4FC226D6852E004A21AD /* Resources */,
			);
			buildRules = (
			);
			dependencies = (
			);
			name = Planr;
			packageProductDependencies = (
				5598B41926D6A42800FF7A50 /* PromisesTestHelpers */,
				5598B41B26D6A42800FF7A50 /* Promises */,
				5598B41D26D6A42800FF7A50 /* FBLPromises */,
				5598B41F26D6A42800FF7A50 /* FBLPromisesTestHelpers */,
				5598B42226D6A5B300FF7A50 /* RealmSwift */,
				5598B42426D6A5B300FF7A50 /* Realm */,
				5598B42B26D6AB0600FF7A50 /* SwiftLintFramework */,
				55914E0F2736E4CF001B1E9A /* Steps */,
				559C745227374A8200F55C36 /* NavigationStack */,
			);
			productName = Planr;
			productReference = 55ED4FC426D6852E004A21AD /* Planr.app */;
			productType = "com.apple.product-type.application";
		};
		55ED4FD526D68530004A21AD /* PlanrTests */ = {
			isa = PBXNativeTarget;
			buildConfigurationList = 55ED4FED26D68530004A21AD /* Build configuration list for PBXNativeTarget "PlanrTests" */;
			buildPhases = (
				55ED4FD226D68530004A21AD /* Sources */,
				55ED4FD326D68530004A21AD /* Frameworks */,
				55ED4FD426D68530004A21AD /* Resources */,
			);
			buildRules = (
			);
			dependencies = (
				55ED4FD826D68530004A21AD /* PBXTargetDependency */,
			);
			name = PlanrTests;
			productName = PlanrTests;
			productReference = 55ED4FD626D68530004A21AD /* PlanrTests.xctest */;
			productType = "com.apple.product-type.bundle.unit-test";
		};
		55ED4FE026D68530004A21AD /* PlanrUITests */ = {
			isa = PBXNativeTarget;
			buildConfigurationList = 55ED4FF026D68530004A21AD /* Build configuration list for PBXNativeTarget "PlanrUITests" */;
			buildPhases = (
				55ED4FDD26D68530004A21AD /* Sources */,
				55ED4FDE26D68530004A21AD /* Frameworks */,
				55ED4FDF26D68530004A21AD /* Resources */,
			);
			buildRules = (
			);
			dependencies = (
				55ED4FE326D68530004A21AD /* PBXTargetDependency */,
			);
			name = PlanrUITests;
			productName = PlanrUITests;
			productReference = 55ED4FE126D68530004A21AD /* PlanrUITests.xctest */;
			productType = "com.apple.product-type.bundle.ui-testing";
		};
/* End PBXNativeTarget section */

/* Begin PBXProject section */
		55ED4FBC26D6852E004A21AD /* Project object */ = {
			isa = PBXProject;
			attributes = {
				LastSwiftUpdateCheck = 1250;
				LastUpgradeCheck = 1250;
				TargetAttributes = {
					55ED4FC326D6852E004A21AD = {
						CreatedOnToolsVersion = 12.5.1;
					};
					55ED4FD526D68530004A21AD = {
						CreatedOnToolsVersion = 12.5.1;
						TestTargetID = 55ED4FC326D6852E004A21AD;
					};
					55ED4FE026D68530004A21AD = {
						CreatedOnToolsVersion = 12.5.1;
						TestTargetID = 55ED4FC326D6852E004A21AD;
					};
				};
			};
			buildConfigurationList = 55ED4FBF26D6852E004A21AD /* Build configuration list for PBXProject "Planr" */;
			compatibilityVersion = "Xcode 9.3";
			developmentRegion = en;
			hasScannedForEncodings = 0;
			knownRegions = (
				en,
				Base,
			);
			mainGroup = 55ED4FBB26D6852E004A21AD;
			packageReferences = (
				5598B41826D6A42800FF7A50 /* XCRemoteSwiftPackageReference "promises" */,
				5598B42126D6A5B300FF7A50 /* XCRemoteSwiftPackageReference "realm-cocoa" */,
				5598B42A26D6AB0600FF7A50 /* XCRemoteSwiftPackageReference "SwiftLint" */,
				55914E0E2736E4CF001B1E9A /* XCRemoteSwiftPackageReference "Steps" */,
				559C745127374A8200F55C36 /* XCRemoteSwiftPackageReference "swiftui-navigation-stack" */,
			);
			productRefGroup = 55ED4FC526D6852E004A21AD /* Products */;
			projectDirPath = "";
			projectRoot = "";
			targets = (
				55ED4FC326D6852E004A21AD /* Planr */,
				55ED4FD526D68530004A21AD /* PlanrTests */,
				55ED4FE026D68530004A21AD /* PlanrUITests */,
			);
		};
/* End PBXProject section */

/* Begin PBXResourcesBuildPhase section */
		55ED4FC226D6852E004A21AD /* Resources */ = {
			isa = PBXResourcesBuildPhase;
			buildActionMask = 2147483647;
			files = (
				55ED4FCF26D6852F004A21AD /* Preview Assets.xcassets in Resources */,
				55ED4FCC26D6852F004A21AD /* Assets.xcassets in Resources */,
			);
			runOnlyForDeploymentPostprocessing = 0;
		};
		55ED4FD426D68530004A21AD /* Resources */ = {
			isa = PBXResourcesBuildPhase;
			buildActionMask = 2147483647;
			files = (
			);
			runOnlyForDeploymentPostprocessing = 0;
		};
		55ED4FDF26D68530004A21AD /* Resources */ = {
			isa = PBXResourcesBuildPhase;
			buildActionMask = 2147483647;
			files = (
			);
			runOnlyForDeploymentPostprocessing = 0;
		};
/* End PBXResourcesBuildPhase section */

/* Begin PBXShellScriptBuildPhase section */
		5598B43026D6B1D300FF7A50 /* ShellScript */ = {
			isa = PBXShellScriptBuildPhase;
			buildActionMask = 2147483647;
			files = (
			);
			inputFileListPaths = (
			);
			inputPaths = (
			);
			outputFileListPaths = (
			);
			outputPaths = (
			);
			runOnlyForDeploymentPostprocessing = 0;
			shellPath = /bin/sh;
			shellScript = "if which swiftlint >/dev/null; then\n  swiftlint\nelse\n  echo \"warning: SwiftLint not installed, download from https://github.com/realm/SwiftLint\"\nfi\n";
		};
/* End PBXShellScriptBuildPhase section */

/* Begin PBXSourcesBuildPhase section */
		55ED4FC026D6852E004A21AD /* Sources */ = {
			isa = PBXSourcesBuildPhase;
			buildActionMask = 2147483647;
			files = (
				55AB6C35272C5E23008AD85B /* Platform.swift in Sources */,
				55914E0827356B9A001B1E9A /* NewProjectView.swift in Sources */,
				55914E002734AD5B001B1E9A /* ViewExtensions.swift in Sources */,
				55116E93273A1B4A00ED01E1 /* PlanrSettingsView.swift in Sources */,
				55116E8E273A12A000ED01E1 /* AppState.swift in Sources */,
				559C745B27384CE400F55C36 /* WorkBlockView.swift in Sources */,
				559C745527374DB300F55C36 /* RootView.swift in Sources */,
				559C745D2738528E00F55C36 /* PlannedSprintView.swift in Sources */,
				55116E97273A1CD600ED01E1 /* AppSettingsGroupView.swift in Sources */,
				556F30772729AACE00CBF42E /* PlanningCoordinator.swift in Sources */,
				559C745F2738673A00F55C36 /* PlatformSprintBlockView.swift in Sources */,
				556F30732728EE9F00CBF42E /* Feature.swift in Sources */,
				551B6CCE27304F68007B21F4 /* WorkBlock.swift in Sources */,
				5598B41626D6944600FF7A50 /* Constants.swift in Sources */,
				5598B40F26D6895600FF7A50 /* Engineer.swift in Sources */,
				55914E042734B829001B1E9A /* Util.swift in Sources */,
				55116E8C273A112E00ED01E1 /* PlanrApplicationSettings.swift in Sources */,
				556F307A2729ABCA00CBF42E /* Roadmap.swift in Sources */,
				55ED4FCA26D6852E004A21AD /* WelcomeView.swift in Sources */,
				55914E0C27361B29001B1E9A /* ReusableButton.swift in Sources */,
				55ED4FC826D6852E004A21AD /* PlanrApp.swift in Sources */,
				559C74612738711200F55C36 /* ProjectRoadmapView.swift in Sources */,
				5598B41226D6898000FF7A50 /* Project.swift in Sources */,
				55116E99273A284A00ED01E1 /* AppSettingsGroupVM.swift in Sources */,
				556F307D2729ABE000CBF42E /* Sprint.swift in Sources */,
				559C745727382DAA00F55C36 /* ColorExtensions.swift in Sources */,
			);
			runOnlyForDeploymentPostprocessing = 0;
		};
		55ED4FD226D68530004A21AD /* Sources */ = {
			isa = PBXSourcesBuildPhase;
			buildActionMask = 2147483647;
			files = (
				55AB6C36272C5E23008AD85B /* Platform.swift in Sources */,
				559C746827387A4900F55C36 /* RootView.swift in Sources */,
				556F30782729AACE00CBF42E /* PlanningCoordinator.swift in Sources */,
				556F30742728EE9F00CBF42E /* Feature.swift in Sources */,
				559C746327387A3A00F55C36 /* WorkBlockView.swift in Sources */,
				5598B41026D6895600FF7A50 /* Engineer.swift in Sources */,
				559C746427387A3C00F55C36 /* PlannedSprintView.swift in Sources */,
				551B6CCF27304F68007B21F4 /* WorkBlock.swift in Sources */,
				559C746527387A3F00F55C36 /* PlatformSprintBlockView.swift in Sources */,
				55ED4FDB26D68530004A21AD /* EngineerVlidationTests.swift in Sources */,
				556F307B2729ABCA00CBF42E /* Roadmap.swift in Sources */,
				55AB6C39272C9F22008AD85B /* PlanningCoordinatorTests.swift in Sources */,
				5598B41326D6898000FF7A50 /* Project.swift in Sources */,
				55914E012734AD5B001B1E9A /* ViewExtensions.swift in Sources */,
				55914E0927356B9A001B1E9A /* NewProjectView.swift in Sources */,
				55914E052734B829001B1E9A /* Util.swift in Sources */,
				559238732736F6C500630726 /* ProjectValidationTests.swift in Sources */,
				5598B41726D6944600FF7A50 /* Constants.swift in Sources */,
				559C746727387A4400F55C36 /* WelcomeView.swift in Sources */,
				559C746627387A4200F55C36 /* ProjectRoadmapView.swift in Sources */,
				55914E0D27361B29001B1E9A /* ReusableButton.swift in Sources */,
				556F307E2729ABE000CBF42E /* Sprint.swift in Sources */,
				559C746227387A3400F55C36 /* ColorExtensions.swift in Sources */,
			);
			runOnlyForDeploymentPostprocessing = 0;
		};
		55ED4FDD26D68530004A21AD /* Sources */ = {
			isa = PBXSourcesBuildPhase;
			buildActionMask = 2147483647;
			files = (
				55ED4FE626D68530004A21AD /* PlanrUITests.swift in Sources */,
			);
			runOnlyForDeploymentPostprocessing = 0;
		};
/* End PBXSourcesBuildPhase section */

/* Begin PBXTargetDependency section */
		55ED4FD826D68530004A21AD /* PBXTargetDependency */ = {
			isa = PBXTargetDependency;
			target = 55ED4FC326D6852E004A21AD /* Planr */;
			targetProxy = 55ED4FD726D68530004A21AD /* PBXContainerItemProxy */;
		};
		55ED4FE326D68530004A21AD /* PBXTargetDependency */ = {
			isa = PBXTargetDependency;
			target = 55ED4FC326D6852E004A21AD /* Planr */;
			targetProxy = 55ED4FE226D68530004A21AD /* PBXContainerItemProxy */;
		};
/* End PBXTargetDependency section */

/* Begin XCBuildConfiguration section */
		55ED4FE826D68530004A21AD /* Debug */ = {
			isa = XCBuildConfiguration;
			buildSettings = {
				ALWAYS_SEARCH_USER_PATHS = NO;
				CLANG_ANALYZER_NONNULL = YES;
				CLANG_ANALYZER_NUMBER_OBJECT_CONVERSION = YES_AGGRESSIVE;
				CLANG_CXX_LANGUAGE_STANDARD = "gnu++14";
				CLANG_CXX_LIBRARY = "libc++";
				CLANG_ENABLE_MODULES = YES;
				CLANG_ENABLE_OBJC_ARC = YES;
				CLANG_ENABLE_OBJC_WEAK = YES;
				CLANG_WARN_BLOCK_CAPTURE_AUTORELEASING = YES;
				CLANG_WARN_BOOL_CONVERSION = YES;
				CLANG_WARN_COMMA = YES;
				CLANG_WARN_CONSTANT_CONVERSION = YES;
				CLANG_WARN_DEPRECATED_OBJC_IMPLEMENTATIONS = YES;
				CLANG_WARN_DIRECT_OBJC_ISA_USAGE = YES_ERROR;
				CLANG_WARN_DOCUMENTATION_COMMENTS = YES;
				CLANG_WARN_EMPTY_BODY = YES;
				CLANG_WARN_ENUM_CONVERSION = YES;
				CLANG_WARN_INFINITE_RECURSION = YES;
				CLANG_WARN_INT_CONVERSION = YES;
				CLANG_WARN_NON_LITERAL_NULL_CONVERSION = YES;
				CLANG_WARN_OBJC_IMPLICIT_RETAIN_SELF = YES;
				CLANG_WARN_OBJC_LITERAL_CONVERSION = YES;
				CLANG_WARN_OBJC_ROOT_CLASS = YES_ERROR;
				CLANG_WARN_QUOTED_INCLUDE_IN_FRAMEWORK_HEADER = YES;
				CLANG_WARN_RANGE_LOOP_ANALYSIS = YES;
				CLANG_WARN_STRICT_PROTOTYPES = YES;
				CLANG_WARN_SUSPICIOUS_MOVE = YES;
				CLANG_WARN_UNGUARDED_AVAILABILITY = YES_AGGRESSIVE;
				CLANG_WARN_UNREACHABLE_CODE = YES;
				CLANG_WARN__DUPLICATE_METHOD_MATCH = YES;
				COPY_PHASE_STRIP = NO;
				DEBUG_INFORMATION_FORMAT = dwarf;
				ENABLE_STRICT_OBJC_MSGSEND = YES;
				ENABLE_TESTABILITY = YES;
				GCC_C_LANGUAGE_STANDARD = gnu11;
				GCC_DYNAMIC_NO_PIC = NO;
				GCC_NO_COMMON_BLOCKS = YES;
				GCC_OPTIMIZATION_LEVEL = 0;
				GCC_PREPROCESSOR_DEFINITIONS = (
					"DEBUG=1",
					"$(inherited)",
				);
				GCC_WARN_64_TO_32_BIT_CONVERSION = YES;
				GCC_WARN_ABOUT_RETURN_TYPE = YES_ERROR;
				GCC_WARN_UNDECLARED_SELECTOR = YES;
				GCC_WARN_UNINITIALIZED_AUTOS = YES_AGGRESSIVE;
				GCC_WARN_UNUSED_FUNCTION = YES;
				GCC_WARN_UNUSED_VARIABLE = YES;
				MACOSX_DEPLOYMENT_TARGET = 11.3;
				MTL_ENABLE_DEBUG_INFO = INCLUDE_SOURCE;
				MTL_FAST_MATH = YES;
				ONLY_ACTIVE_ARCH = YES;
				SDKROOT = macosx;
				SWIFT_ACTIVE_COMPILATION_CONDITIONS = DEBUG;
				SWIFT_OPTIMIZATION_LEVEL = "-Onone";
			};
			name = Debug;
		};
		55ED4FE926D68530004A21AD /* Release */ = {
			isa = XCBuildConfiguration;
			buildSettings = {
				ALWAYS_SEARCH_USER_PATHS = NO;
				CLANG_ANALYZER_NONNULL = YES;
				CLANG_ANALYZER_NUMBER_OBJECT_CONVERSION = YES_AGGRESSIVE;
				CLANG_CXX_LANGUAGE_STANDARD = "gnu++14";
				CLANG_CXX_LIBRARY = "libc++";
				CLANG_ENABLE_MODULES = YES;
				CLANG_ENABLE_OBJC_ARC = YES;
				CLANG_ENABLE_OBJC_WEAK = YES;
				CLANG_WARN_BLOCK_CAPTURE_AUTORELEASING = YES;
				CLANG_WARN_BOOL_CONVERSION = YES;
				CLANG_WARN_COMMA = YES;
				CLANG_WARN_CONSTANT_CONVERSION = YES;
				CLANG_WARN_DEPRECATED_OBJC_IMPLEMENTATIONS = YES;
				CLANG_WARN_DIRECT_OBJC_ISA_USAGE = YES_ERROR;
				CLANG_WARN_DOCUMENTATION_COMMENTS = YES;
				CLANG_WARN_EMPTY_BODY = YES;
				CLANG_WARN_ENUM_CONVERSION = YES;
				CLANG_WARN_INFINITE_RECURSION = YES;
				CLANG_WARN_INT_CONVERSION = YES;
				CLANG_WARN_NON_LITERAL_NULL_CONVERSION = YES;
				CLANG_WARN_OBJC_IMPLICIT_RETAIN_SELF = YES;
				CLANG_WARN_OBJC_LITERAL_CONVERSION = YES;
				CLANG_WARN_OBJC_ROOT_CLASS = YES_ERROR;
				CLANG_WARN_QUOTED_INCLUDE_IN_FRAMEWORK_HEADER = YES;
				CLANG_WARN_RANGE_LOOP_ANALYSIS = YES;
				CLANG_WARN_STRICT_PROTOTYPES = YES;
				CLANG_WARN_SUSPICIOUS_MOVE = YES;
				CLANG_WARN_UNGUARDED_AVAILABILITY = YES_AGGRESSIVE;
				CLANG_WARN_UNREACHABLE_CODE = YES;
				CLANG_WARN__DUPLICATE_METHOD_MATCH = YES;
				COPY_PHASE_STRIP = NO;
				DEBUG_INFORMATION_FORMAT = "dwarf-with-dsym";
				ENABLE_NS_ASSERTIONS = NO;
				ENABLE_STRICT_OBJC_MSGSEND = YES;
				GCC_C_LANGUAGE_STANDARD = gnu11;
				GCC_NO_COMMON_BLOCKS = YES;
				GCC_WARN_64_TO_32_BIT_CONVERSION = YES;
				GCC_WARN_ABOUT_RETURN_TYPE = YES_ERROR;
				GCC_WARN_UNDECLARED_SELECTOR = YES;
				GCC_WARN_UNINITIALIZED_AUTOS = YES_AGGRESSIVE;
				GCC_WARN_UNUSED_FUNCTION = YES;
				GCC_WARN_UNUSED_VARIABLE = YES;
				MACOSX_DEPLOYMENT_TARGET = 11.3;
				MTL_ENABLE_DEBUG_INFO = NO;
				MTL_FAST_MATH = YES;
				SDKROOT = macosx;
				SWIFT_COMPILATION_MODE = wholemodule;
				SWIFT_OPTIMIZATION_LEVEL = "-O";
			};
			name = Release;
		};
		55ED4FEB26D68530004A21AD /* Debug */ = {
			isa = XCBuildConfiguration;
			buildSettings = {
				ASSETCATALOG_COMPILER_APPICON_NAME = AppIcon;
				ASSETCATALOG_COMPILER_GLOBAL_ACCENT_COLOR_NAME = AccentColor;
				CODE_SIGN_ENTITLEMENTS = Planr/Planr.entitlements;
				CODE_SIGN_STYLE = Automatic;
				COMBINE_HIDPI_IMAGES = YES;
				DEVELOPMENT_ASSET_PATHS = "\"Planr/Preview Content\"";
				DEVELOPMENT_TEAM = 7LB4JQ462B;
				ENABLE_HARDENED_RUNTIME = YES;
				ENABLE_PREVIEWS = YES;
				INFOPLIST_FILE = Planr/Info.plist;
				LD_RUNPATH_SEARCH_PATHS = (
					"$(inherited)",
					"@executable_path/../Frameworks",
				);
				MACOSX_DEPLOYMENT_TARGET = 11.0;
				PRODUCT_BUNDLE_IDENTIFIER = com.blakeman.Planr;
				PRODUCT_NAME = "$(TARGET_NAME)";
				SWIFT_VERSION = 5.0;
			};
			name = Debug;
		};
		55ED4FEC26D68530004A21AD /* Release */ = {
			isa = XCBuildConfiguration;
			buildSettings = {
				ASSETCATALOG_COMPILER_APPICON_NAME = AppIcon;
				ASSETCATALOG_COMPILER_GLOBAL_ACCENT_COLOR_NAME = AccentColor;
				CODE_SIGN_ENTITLEMENTS = Planr/Planr.entitlements;
				CODE_SIGN_STYLE = Automatic;
				COMBINE_HIDPI_IMAGES = YES;
				DEVELOPMENT_ASSET_PATHS = "\"Planr/Preview Content\"";
				DEVELOPMENT_TEAM = 7LB4JQ462B;
				ENABLE_HARDENED_RUNTIME = YES;
				ENABLE_PREVIEWS = YES;
				INFOPLIST_FILE = Planr/Info.plist;
				LD_RUNPATH_SEARCH_PATHS = (
					"$(inherited)",
					"@executable_path/../Frameworks",
				);
				MACOSX_DEPLOYMENT_TARGET = 11.0;
				PRODUCT_BUNDLE_IDENTIFIER = com.blakeman.Planr;
				PRODUCT_NAME = "$(TARGET_NAME)";
				SWIFT_VERSION = 5.0;
			};
			name = Release;
		};
		55ED4FEE26D68530004A21AD /* Debug */ = {
			isa = XCBuildConfiguration;
			buildSettings = {
				ALWAYS_EMBED_SWIFT_STANDARD_LIBRARIES = YES;
				BUNDLE_LOADER = "$(TEST_HOST)";
				CODE_SIGN_STYLE = Automatic;
				COMBINE_HIDPI_IMAGES = YES;
				DEVELOPMENT_TEAM = 7LB4JQ462B;
				INFOPLIST_FILE = PlanrTests/Info.plist;
				LD_RUNPATH_SEARCH_PATHS = (
					"$(inherited)",
					"@executable_path/../Frameworks",
					"@loader_path/../Frameworks",
				);
				MACOSX_DEPLOYMENT_TARGET = 11.0;
				PRODUCT_BUNDLE_IDENTIFIER = com.blakeman.PlanrTests;
				PRODUCT_NAME = "$(TARGET_NAME)";
				SWIFT_VERSION = 5.0;
				TEST_HOST = "$(BUILT_PRODUCTS_DIR)/Planr.app/Contents/MacOS/Planr";
			};
			name = Debug;
		};
		55ED4FEF26D68530004A21AD /* Release */ = {
			isa = XCBuildConfiguration;
			buildSettings = {
				ALWAYS_EMBED_SWIFT_STANDARD_LIBRARIES = YES;
				BUNDLE_LOADER = "$(TEST_HOST)";
				CODE_SIGN_STYLE = Automatic;
				COMBINE_HIDPI_IMAGES = YES;
				DEVELOPMENT_TEAM = 7LB4JQ462B;
				INFOPLIST_FILE = PlanrTests/Info.plist;
				LD_RUNPATH_SEARCH_PATHS = (
					"$(inherited)",
					"@executable_path/../Frameworks",
					"@loader_path/../Frameworks",
				);
				MACOSX_DEPLOYMENT_TARGET = 11.0;
				PRODUCT_BUNDLE_IDENTIFIER = com.blakeman.PlanrTests;
				PRODUCT_NAME = "$(TARGET_NAME)";
				SWIFT_VERSION = 5.0;
				TEST_HOST = "$(BUILT_PRODUCTS_DIR)/Planr.app/Contents/MacOS/Planr";
			};
			name = Release;
		};
		55ED4FF126D68530004A21AD /* Debug */ = {
			isa = XCBuildConfiguration;
			buildSettings = {
				ALWAYS_EMBED_SWIFT_STANDARD_LIBRARIES = YES;
				CODE_SIGN_STYLE = Automatic;
				COMBINE_HIDPI_IMAGES = YES;
				DEVELOPMENT_TEAM = 7LB4JQ462B;
				INFOPLIST_FILE = PlanrUITests/Info.plist;
				LD_RUNPATH_SEARCH_PATHS = (
					"$(inherited)",
					"@executable_path/../Frameworks",
					"@loader_path/../Frameworks",
				);
				PRODUCT_BUNDLE_IDENTIFIER = com.blakeman.PlanrUITests;
				PRODUCT_NAME = "$(TARGET_NAME)";
				SWIFT_VERSION = 5.0;
				TEST_TARGET_NAME = Planr;
			};
			name = Debug;
		};
		55ED4FF226D68530004A21AD /* Release */ = {
			isa = XCBuildConfiguration;
			buildSettings = {
				ALWAYS_EMBED_SWIFT_STANDARD_LIBRARIES = YES;
				CODE_SIGN_STYLE = Automatic;
				COMBINE_HIDPI_IMAGES = YES;
				DEVELOPMENT_TEAM = 7LB4JQ462B;
				INFOPLIST_FILE = PlanrUITests/Info.plist;
				LD_RUNPATH_SEARCH_PATHS = (
					"$(inherited)",
					"@executable_path/../Frameworks",
					"@loader_path/../Frameworks",
				);
				PRODUCT_BUNDLE_IDENTIFIER = com.blakeman.PlanrUITests;
				PRODUCT_NAME = "$(TARGET_NAME)";
				SWIFT_VERSION = 5.0;
				TEST_TARGET_NAME = Planr;
			};
			name = Release;
		};
/* End XCBuildConfiguration section */

/* Begin XCConfigurationList section */
		55ED4FBF26D6852E004A21AD /* Build configuration list for PBXProject "Planr" */ = {
			isa = XCConfigurationList;
			buildConfigurations = (
				55ED4FE826D68530004A21AD /* Debug */,
				55ED4FE926D68530004A21AD /* Release */,
			);
			defaultConfigurationIsVisible = 0;
			defaultConfigurationName = Release;
		};
		55ED4FEA26D68530004A21AD /* Build configuration list for PBXNativeTarget "Planr" */ = {
			isa = XCConfigurationList;
			buildConfigurations = (
				55ED4FEB26D68530004A21AD /* Debug */,
				55ED4FEC26D68530004A21AD /* Release */,
			);
			defaultConfigurationIsVisible = 0;
			defaultConfigurationName = Release;
		};
		55ED4FED26D68530004A21AD /* Build configuration list for PBXNativeTarget "PlanrTests" */ = {
			isa = XCConfigurationList;
			buildConfigurations = (
				55ED4FEE26D68530004A21AD /* Debug */,
				55ED4FEF26D68530004A21AD /* Release */,
			);
			defaultConfigurationIsVisible = 0;
			defaultConfigurationName = Release;
		};
		55ED4FF026D68530004A21AD /* Build configuration list for PBXNativeTarget "PlanrUITests" */ = {
			isa = XCConfigurationList;
			buildConfigurations = (
				55ED4FF126D68530004A21AD /* Debug */,
				55ED4FF226D68530004A21AD /* Release */,
			);
			defaultConfigurationIsVisible = 0;
			defaultConfigurationName = Release;
		};
/* End XCConfigurationList section */

/* Begin XCRemoteSwiftPackageReference section */
		55914E0E2736E4CF001B1E9A /* XCRemoteSwiftPackageReference "Steps" */ = {
			isa = XCRemoteSwiftPackageReference;
			repositoryURL = "https://github.com/asam139/Steps";
			requirement = {
				kind = upToNextMajorVersion;
				minimumVersion = 0.3.7;
			};
		};
		5598B41826D6A42800FF7A50 /* XCRemoteSwiftPackageReference "promises" */ = {
			isa = XCRemoteSwiftPackageReference;
			repositoryURL = "https://github.com/google/promises";
			requirement = {
				kind = upToNextMajorVersion;
				minimumVersion = 2.0.0;
			};
		};
		5598B42126D6A5B300FF7A50 /* XCRemoteSwiftPackageReference "realm-cocoa" */ = {
			isa = XCRemoteSwiftPackageReference;
			repositoryURL = "https://github.com/realm/realm-cocoa";
			requirement = {
				kind = upToNextMajorVersion;
				minimumVersion = 10.12.0;
			};
		};
		5598B42A26D6AB0600FF7A50 /* XCRemoteSwiftPackageReference "SwiftLint" */ = {
			isa = XCRemoteSwiftPackageReference;
			repositoryURL = "https://github.com/realm/SwiftLint";
			requirement = {
				kind = upToNextMajorVersion;
				minimumVersion = 0.43.1;
			};
		};
		559C745127374A8200F55C36 /* XCRemoteSwiftPackageReference "swiftui-navigation-stack" */ = {
			isa = XCRemoteSwiftPackageReference;
			repositoryURL = "https://github.com/matteopuc/swiftui-navigation-stack";
			requirement = {
				kind = upToNextMajorVersion;
				minimumVersion = 1.0.4;
			};
		};
/* End XCRemoteSwiftPackageReference section */

/* Begin XCSwiftPackageProductDependency section */
		55914E0F2736E4CF001B1E9A /* Steps */ = {
			isa = XCSwiftPackageProductDependency;
			package = 55914E0E2736E4CF001B1E9A /* XCRemoteSwiftPackageReference "Steps" */;
			productName = Steps;
		};
		5598B41926D6A42800FF7A50 /* PromisesTestHelpers */ = {
			isa = XCSwiftPackageProductDependency;
			package = 5598B41826D6A42800FF7A50 /* XCRemoteSwiftPackageReference "promises" */;
			productName = PromisesTestHelpers;
		};
		5598B41B26D6A42800FF7A50 /* Promises */ = {
			isa = XCSwiftPackageProductDependency;
			package = 5598B41826D6A42800FF7A50 /* XCRemoteSwiftPackageReference "promises" */;
			productName = Promises;
		};
		5598B41D26D6A42800FF7A50 /* FBLPromises */ = {
			isa = XCSwiftPackageProductDependency;
			package = 5598B41826D6A42800FF7A50 /* XCRemoteSwiftPackageReference "promises" */;
			productName = FBLPromises;
		};
		5598B41F26D6A42800FF7A50 /* FBLPromisesTestHelpers */ = {
			isa = XCSwiftPackageProductDependency;
			package = 5598B41826D6A42800FF7A50 /* XCRemoteSwiftPackageReference "promises" */;
			productName = FBLPromisesTestHelpers;
		};
		5598B42226D6A5B300FF7A50 /* RealmSwift */ = {
			isa = XCSwiftPackageProductDependency;
			package = 5598B42126D6A5B300FF7A50 /* XCRemoteSwiftPackageReference "realm-cocoa" */;
			productName = RealmSwift;
		};
		5598B42426D6A5B300FF7A50 /* Realm */ = {
			isa = XCSwiftPackageProductDependency;
			package = 5598B42126D6A5B300FF7A50 /* XCRemoteSwiftPackageReference "realm-cocoa" */;
			productName = Realm;
		};
		5598B42B26D6AB0600FF7A50 /* SwiftLintFramework */ = {
			isa = XCSwiftPackageProductDependency;
			package = 5598B42A26D6AB0600FF7A50 /* XCRemoteSwiftPackageReference "SwiftLint" */;
			productName = SwiftLintFramework;
		};
		559C745227374A8200F55C36 /* NavigationStack */ = {
			isa = XCSwiftPackageProductDependency;
			package = 559C745127374A8200F55C36 /* XCRemoteSwiftPackageReference "swiftui-navigation-stack" */;
			productName = NavigationStack;
		};
/* End XCSwiftPackageProductDependency section */
	};
	rootObject = 55ED4FBC26D6852E004A21AD /* Project object */;
}
